
Microsoft Visual Studio Solution File, Format Version 12.00
# Visual Studio 15
VisualStudioVersion = 15.0.27428.2037
MinimumVisualStudioVersion = 10.0.40219.1
Project("{FAE04EC0-301F-11D3-BF4B-00C04F79EFBC}") = "Articles-Website-Application", "Articles-Website-Application\Articles-Website-Application.csproj", "{57730AC6-F8BD-40C9-B683-B479968145B9}"
EndProject
Project("{FAE04EC0-301F-11D3-BF4B-00C04F79EFBC}") = "Articles-Website-Application.Tests", "Articles-Website-Application.Tests\Articles-Website-Application.Tests.csproj", "{639CFE7F-D022-4C21-A973-47C9A702A1B2}"
EndProject
Global
	GlobalSection(SolutionConfigurationPlatforms) = preSolution
		Debug|Any CPU = Debug|Any CPU
		Release|Any CPU = Release|Any CPU
	EndGlobalSection
	GlobalSection(ProjectConfigurationPlatforms) = postSolution
		{57730AC6-F8BD-40C9-B683-B479968145B9}.Debug|Any CPU.ActiveCfg = Debug|Any CPU
		{57730AC6-F8BD-40C9-B683-B479968145B9}.Debug|Any CPU.Build.0 = Debug|Any CPU
		{57730AC6-F8BD-40C9-B683-B479968145B9}.Release|Any CPU.ActiveCfg = Release|Any CPU
		{57730AC6-F8BD-40C9-B683-B479968145B9}.Release|Any CPU.Build.0 = Release|Any CPU
		{639CFE7F-D022-4C21-A973-47C9A702A1B2}.Debug|Any CPU.ActiveCfg = Debug|Any CPU
		{639CFE7F-D022-4C21-A973-47C9A702A1B2}.Debug|Any CPU.Build.0 = Debug|Any CPU
		{639CFE7F-D022-4C21-A973-47C9A702A1B2}.Release|Any CPU.ActiveCfg = Release|Any CPU
		{639CFE7F-D022-4C21-A973-47C9A702A1B2}.Release|Any CPU.Build.0 = Release|Any CPU
	EndGlobalSection
	GlobalSection(SolutionProperties) = preSolution
		HideSolutionNode = FALSE
	EndGlobalSection
	GlobalSection(ExtensibilityGlobals) = postSolution
		SolutionGuid = {4FE6F003-564E-4AAE-9359-F2365430DFFC}
	EndGlobalSection
EndGlobal
